
Microsoft Visual Studio Solution File, Format Version 12.00
# Visual Studio 15
VisualStudioVersion = 15.0.27703.2035
MinimumVisualStudioVersion = 10.0.40219.1
Project("{FAE04EC0-301F-11D3-BF4B-00C04F79EFBC}") = "sofiapi.net", "sofiapi.net\sofiapi.net.csproj", "{BCBD7CDF-FCEA-40CF-B63C-2AAEABA10A07}"
EndProject
Project("{FAE04EC0-301F-11D3-BF4B-00C04F79EFBC}") = "sofiapi.net.Tests", "sofiapi.net.Tests\sofiapi.net.Tests.csproj", "{18CA819C-DBEB-4CD3-B07D-5ADF0011D4E6}"
EndProject
Project("{E53339B2-1760-4266-BCC7-CA923CBCF16C}") = "docker-compose", "docker-compose.dcproj", "{1AE9BE15-0430-4E7E-A889-1BE250B21BCB}"
EndProject
Global
	GlobalSection(SolutionConfigurationPlatforms) = preSolution
		Debug|Any CPU = Debug|Any CPU
		Release|Any CPU = Release|Any CPU
	EndGlobalSection
	GlobalSection(ProjectConfigurationPlatforms) = postSolution
		{BCBD7CDF-FCEA-40CF-B63C-2AAEABA10A07}.Debug|Any CPU.ActiveCfg = Debug|Any CPU
		{BCBD7CDF-FCEA-40CF-B63C-2AAEABA10A07}.Debug|Any CPU.Build.0 = Debug|Any CPU
		{BCBD7CDF-FCEA-40CF-B63C-2AAEABA10A07}.Release|Any CPU.ActiveCfg = Release|Any CPU
		{BCBD7CDF-FCEA-40CF-B63C-2AAEABA10A07}.Release|Any CPU.Build.0 = Release|Any CPU
		{18CA819C-DBEB-4CD3-B07D-5ADF0011D4E6}.Debug|Any CPU.ActiveCfg = Debug|Any CPU
		{18CA819C-DBEB-4CD3-B07D-5ADF0011D4E6}.Debug|Any CPU.Build.0 = Debug|Any CPU
		{18CA819C-DBEB-4CD3-B07D-5ADF0011D4E6}.Release|Any CPU.ActiveCfg = Release|Any CPU
		{18CA819C-DBEB-4CD3-B07D-5ADF0011D4E6}.Release|Any CPU.Build.0 = Release|Any CPU
		{1AE9BE15-0430-4E7E-A889-1BE250B21BCB}.Debug|Any CPU.ActiveCfg = Debug|Any CPU
		{1AE9BE15-0430-4E7E-A889-1BE250B21BCB}.Debug|Any CPU.Build.0 = Debug|Any CPU
		{1AE9BE15-0430-4E7E-A889-1BE250B21BCB}.Release|Any CPU.ActiveCfg = Release|Any CPU
		{1AE9BE15-0430-4E7E-A889-1BE250B21BCB}.Release|Any CPU.Build.0 = Release|Any CPU
	EndGlobalSection
	GlobalSection(SolutionProperties) = preSolution
		HideSolutionNode = FALSE
	EndGlobalSection
	GlobalSection(ExtensibilityGlobals) = postSolution
		SolutionGuid = {8D890788-A911-44D4-8D6F-CD5A482A4BA2}
	EndGlobalSection
EndGlobal
